Microsoft Visual Studio Solution File, Format Version 12.00
# Visual Studio 2012
Project("{FAE04EC0-301F-11D3-BF4B-00C04F79EFBC}") = "NoesisGodot", "NoesisGodot.csproj", "{58F1A2A5-A83A-40C7-96B1-B8E428E1449A}"
EndProject
Project("{2150E333-8FDC-42A3-9474-1A3956D46DE8}") = "tests", "tests", "{0AB3BF05-4346-4AA6-1389-037BE0695223}"
EndProject
Project("{FAE04EC0-301F-11D3-BF4B-00C04F79EFBC}") = "NoesisGodot.Tests", "tests\NoesisGodot.Tests\NoesisGodot.Tests.csproj", "{8BEF4B7C-886F-43A8-B12E-6B24CFBA25F5}"
EndProject
Global
	GlobalSection(SolutionConfigurationPlatforms) = preSolution
		Debug|Any CPU = Debug|Any CPU
		ExportDebug|Any CPU = ExportDebug|Any CPU
		ExportRelease|Any CPU = ExportRelease|Any CPU
	EndGlobalSection
	GlobalSection(ProjectConfigurationPlatforms) = postSolution
		{58F1A2A5-A83A-40C7-96B1-B8E428E1449A}.Debug|Any CPU.ActiveCfg = Debug|Any CPU
		{58F1A2A5-A83A-40C7-96B1-B8E428E1449A}.Debug|Any CPU.Build.0 = Debug|Any CPU
		{58F1A2A5-A83A-40C7-96B1-B8E428E1449A}.ExportDebug|Any CPU.ActiveCfg = ExportDebug|Any CPU
		{58F1A2A5-A83A-40C7-96B1-B8E428E1449A}.ExportDebug|Any CPU.Build.0 = ExportDebug|Any CPU
		{58F1A2A5-A83A-40C7-96B1-B8E428E1449A}.ExportRelease|Any CPU.ActiveCfg = ExportRelease|Any CPU
		{58F1A2A5-A83A-40C7-96B1-B8E428E1449A}.ExportRelease|Any CPU.Build.0 = ExportRelease|Any CPU
		{8BEF4B7C-886F-43A8-B12E-6B24CFBA25F5}.Debug|Any CPU.ActiveCfg = Debug|Any CPU
		{8BEF4B7C-886F-43A8-B12E-6B24CFBA25F5}.Debug|Any CPU.Build.0 = Debug|Any CPU
		{8BEF4B7C-886F-43A8-B12E-6B24CFBA25F5}.ExportDebug|Any CPU.ActiveCfg = Debug|Any CPU
		{8BEF4B7C-886F-43A8-B12E-6B24CFBA25F5}.ExportDebug|Any CPU.Build.0 = Debug|Any CPU
		{8BEF4B7C-886F-43A8-B12E-6B24CFBA25F5}.ExportRelease|Any CPU.ActiveCfg = Release|Any CPU
		{8BEF4B7C-886F-43A8-B12E-6B24CFBA25F5}.ExportRelease|Any CPU.Build.0 = Release|Any CPU
	EndGlobalSection
	GlobalSection(SolutionProperties) = preSolution
		HideSolutionNode = FALSE
	EndGlobalSection
	GlobalSection(NestedProjects) = preSolution
		{8BEF4B7C-886F-43A8-B12E-6B24CFBA25F5} = {0AB3BF05-4346-4AA6-1389-037BE0695223}
	EndGlobalSection
EndGlobal
